// !$*UTF8*$!
{
	archiveVersion = 1;
	classes = {
	};
	objectVersion = 56;
	objects = {

/* Begin PBXBuildFile section */
		861567B62A66CE0B009F85F2 /* TasksView.swift in Sources */ = {isa = PBXBuildFile; fileRef = 861567B52A66CE0B009F85F2 /* TasksView.swift */; };
		861567C12A66DE4E009F85F2 /* TasksViewModel.swift in Sources */ = {isa = PBXBuildFile; fileRef = 861567C02A66DE4E009F85F2 /* TasksViewModel.swift */; };
		861567D42A6713A5009F85F2 /* GoogleService-Info.plist in Resources */ = {isa = PBXBuildFile; fileRef = 861567D32A6713A5009F85F2 /* GoogleService-Info.plist */; };
		861567D72A67141B009F85F2 /* NetworkService.swift in Sources */ = {isa = PBXBuildFile; fileRef = 861567D62A67141B009F85F2 /* NetworkService.swift */; };
		861567D92A671487009F85F2 /* Constants.swift in Sources */ = {isa = PBXBuildFile; fileRef = 861567D82A671487009F85F2 /* Constants.swift */; };
		861567F72A671CBE009F85F2 /* FirebaseAuth in Frameworks */ = {isa = PBXBuildFile; productRef = 861567F62A671CBE009F85F2 /* FirebaseAuth */; };
		861567F92A671CBE009F85F2 /* FirebaseAuthCombine-Community in Frameworks */ = {isa = PBXBuildFile; productRef = 861567F82A671CBE009F85F2 /* FirebaseAuthCombine-Community */; };
		861567FB2A671CBE009F85F2 /* FirebaseDatabase in Frameworks */ = {isa = PBXBuildFile; productRef = 861567FA2A671CBE009F85F2 /* FirebaseDatabase */; };
		861567FD2A671CBE009F85F2 /* FirebaseFirestore in Frameworks */ = {isa = PBXBuildFile; productRef = 861567FC2A671CBE009F85F2 /* FirebaseFirestore */; };
		861567FF2A671CBE009F85F2 /* FirebaseFirestoreCombine-Community in Frameworks */ = {isa = PBXBuildFile; productRef = 861567FE2A671CBE009F85F2 /* FirebaseFirestoreCombine-Community */; };
		861568012A671CBE009F85F2 /* FirebaseFirestoreSwift in Frameworks */ = {isa = PBXBuildFile; productRef = 861568002A671CBE009F85F2 /* FirebaseFirestoreSwift */; };
		861568032A677048009F85F2 /* WeekDay.swift in Sources */ = {isa = PBXBuildFile; fileRef = 861568022A677048009F85F2 /* WeekDay.swift */; };
		861568052A679249009F85F2 /* LocalDataService.swift in Sources */ = {isa = PBXBuildFile; fileRef = 861568042A679249009F85F2 /* LocalDataService.swift */; };
		86984F442A631D9D00114981 /* Task_ManagementApp.swift in Sources */ = {isa = PBXBuildFile; fileRef = 86984F432A631D9D00114981 /* Task_ManagementApp.swift */; };
		86984F462A631D9D00114981 /* ContentView.swift in Sources */ = {isa = PBXBuildFile; fileRef = 86984F452A631D9D00114981 /* ContentView.swift */; };
		86984F482A631D9D00114981 /* Assets.xcassets in Resources */ = {isa = PBXBuildFile; fileRef = 86984F472A631D9D00114981 /* Assets.xcassets */; };
		86984F4B2A631D9D00114981 /* Preview Assets.xcassets in Resources */ = {isa = PBXBuildFile; fileRef = 86984F4A2A631D9D00114981 /* Preview Assets.xcassets */; };
		86984F572A631D9E00114981 /* Task_ManagementTests.swift in Sources */ = {isa = PBXBuildFile; fileRef = 86984F562A631D9E00114981 /* Task_ManagementTests.swift */; };
		86984F612A631D9E00114981 /* Task_ManagementUITests.swift in Sources */ = {isa = PBXBuildFile; fileRef = 86984F602A631D9E00114981 /* Task_ManagementUITests.swift */; };
		86984F632A631D9E00114981 /* Task_ManagementUITestsLaunchTests.swift in Sources */ = {isa = PBXBuildFile; fileRef = 86984F622A631D9E00114981 /* Task_ManagementUITestsLaunchTests.swift */; };
		86984F712A63258A00114981 /* Task.swift in Sources */ = {isa = PBXBuildFile; fileRef = 86984F702A63258A00114981 /* Task.swift */; };
		86984F742A6327A000114981 /* Date.swift in Sources */ = {isa = PBXBuildFile; fileRef = 86984F732A6327A000114981 /* Date.swift */; };
		86984F772A63297700114981 /* View.swift in Sources */ = {isa = PBXBuildFile; fileRef = 86984F762A63297700114981 /* View.swift */; };
		86984F7A2A63315F00114981 /* Home.swift in Sources */ = {isa = PBXBuildFile; fileRef = 86984F792A63315F00114981 /* Home.swift */; };
		86984F7C2A63451300114981 /* OffsetKey.swift in Sources */ = {isa = PBXBuildFile; fileRef = 86984F7B2A63451300114981 /* OffsetKey.swift */; };
		86984F7E2A6349B300114981 /* TaskRowView.swift in Sources */ = {isa = PBXBuildFile; fileRef = 86984F7D2A6349B300114981 /* TaskRowView.swift */; };
		86984F802A63525800114981 /* NewTaskView.swift in Sources */ = {isa = PBXBuildFile; fileRef = 86984F7F2A63525800114981 /* NewTaskView.swift */; };
/* End PBXBuildFile section */

/* Begin PBXContainerItemProxy section */
		86984F532A631D9E00114981 /* PBXContainerItemProxy */ = {
			isa = PBXContainerItemProxy;
			containerPortal = 86984F382A631D9D00114981 /* Project object */;
			proxyType = 1;
			remoteGlobalIDString = 86984F3F2A631D9D00114981;
			remoteInfo = "Task Management";
		};
		86984F5D2A631D9E00114981 /* PBXContainerItemProxy */ = {
			isa = PBXContainerItemProxy;
			containerPortal = 86984F382A631D9D00114981 /* Project object */;
			proxyType = 1;
			remoteGlobalIDString = 86984F3F2A631D9D00114981;
			remoteInfo = "Task Management";
		};
/* End PBXContainerItemProxy section */

/* Begin PBXFileReference section */
		861567B52A66CE0B009F85F2 /* TasksView.swift */ = {isa = PBXFileReference; lastKnownFileType = sourcecode.swift; path = TasksView.swift; sourceTree = "<group>"; };
		861567C02A66DE4E009F85F2 /* TasksViewModel.swift */ = {isa = PBXFileReference; lastKnownFileType = sourcecode.swift; path = TasksViewModel.swift; sourceTree = "<group>"; };
		861567D32A6713A5009F85F2 /* GoogleService-Info.plist */ = {isa = PBXFileReference; fileEncoding = 4; lastKnownFileType = text.plist.xml; name = "GoogleService-Info.plist"; path = "../../../../../../../Downloads/GoogleService-Info.plist"; sourceTree = "<group>"; };
		861567D62A67141B009F85F2 /* NetworkService.swift */ = {isa = PBXFileReference; lastKnownFileType = sourcecode.swift; path = NetworkService.swift; sourceTree = "<group>"; };
		861567D82A671487009F85F2 /* Constants.swift */ = {isa = PBXFileReference; lastKnownFileType = sourcecode.swift; path = Constants.swift; sourceTree = "<group>"; };
		861568022A677048009F85F2 /* WeekDay.swift */ = {isa = PBXFileReference; lastKnownFileType = sourcecode.swift; path = WeekDay.swift; sourceTree = "<group>"; };
		861568042A679249009F85F2 /* LocalDataService.swift */ = {isa = PBXFileReference; lastKnownFileType = sourcecode.swift; path = LocalDataService.swift; sourceTree = "<group>"; };
		86984F402A631D9D00114981 /* Task Management.app */ = {isa = PBXFileReference; explicitFileType = wrapper.application; includeInIndex = 0; path = "Task Management.app"; sourceTree = BUILT_PRODUCTS_DIR; };
		86984F432A631D9D00114981 /* Task_ManagementApp.swift */ = {isa = PBXFileReference; lastKnownFileType = sourcecode.swift; path = Task_ManagementApp.swift; sourceTree = "<group>"; };
		86984F452A631D9D00114981 /* ContentView.swift */ = {isa = PBXFileReference; lastKnownFileType = sourcecode.swift; path = ContentView.swift; sourceTree = "<group>"; };
		86984F472A631D9D00114981 /* Assets.xcassets */ = {isa = PBXFileReference; lastKnownFileType = folder.assetcatalog; path = Assets.xcassets; sourceTree = "<group>"; };
		86984F4A2A631D9D00114981 /* Preview Assets.xcassets */ = {isa = PBXFileReference; lastKnownFileType = folder.assetcatalog; path = "Preview Assets.xcassets"; sourceTree = "<group>"; };
		86984F522A631D9E00114981 /* Task ManagementTests.xctest */ = {isa = PBXFileReference; explicitFileType = wrapper.cfbundle; includeInIndex = 0; path = "Task ManagementTests.xctest"; sourceTree = BUILT_PRODUCTS_DIR; };
		86984F562A631D9E00114981 /* Task_ManagementTests.swift */ = {isa = PBXFileReference; lastKnownFileType = sourcecode.swift; path = Task_ManagementTests.swift; sourceTree = "<group>"; };
		86984F5C2A631D9E00114981 /* Task ManagementUITests.xctest */ = {isa = PBXFileReference; explicitFileType = wrapper.cfbundle; includeInIndex = 0; path = "Task ManagementUITests.xctest"; sourceTree = BUILT_PRODUCTS_DIR; };
		86984F602A631D9E00114981 /* Task_ManagementUITests.swift */ = {isa = PBXFileReference; lastKnownFileType = sourcecode.swift; path = Task_ManagementUITests.swift; sourceTree = "<group>"; };
		86984F622A631D9E00114981 /* Task_ManagementUITestsLaunchTests.swift */ = {isa = PBXFileReference; lastKnownFileType = sourcecode.swift; path = Task_ManagementUITestsLaunchTests.swift; sourceTree = "<group>"; };
		86984F702A63258A00114981 /* Task.swift */ = {isa = PBXFileReference; lastKnownFileType = sourcecode.swift; path = Task.swift; sourceTree = "<group>"; };
		86984F732A6327A000114981 /* Date.swift */ = {isa = PBXFileReference; lastKnownFileType = sourcecode.swift; path = Date.swift; sourceTree = "<group>"; };
		86984F762A63297700114981 /* View.swift */ = {isa = PBXFileReference; lastKnownFileType = sourcecode.swift; path = View.swift; sourceTree = "<group>"; };
		86984F792A63315F00114981 /* Home.swift */ = {isa = PBXFileReference; lastKnownFileType = sourcecode.swift; path = Home.swift; sourceTree = "<group>"; };
		86984F7B2A63451300114981 /* OffsetKey.swift */ = {isa = PBXFileReference; lastKnownFileType = sourcecode.swift; path = OffsetKey.swift; sourceTree = "<group>"; };
		86984F7D2A6349B300114981 /* TaskRowView.swift */ = {isa = PBXFileReference; lastKnownFileType = sourcecode.swift; path = TaskRowView.swift; sourceTree = "<group>"; };
		86984F7F2A63525800114981 /* NewTaskView.swift */ = {isa = PBXFileReference; lastKnownFileType = sourcecode.swift; path = NewTaskView.swift; sourceTree = "<group>"; };
/* End PBXFileReference section */

/* Begin PBXFrameworksBuildPhase section */
		86984F3D2A631D9D00114981 /* Frameworks */ = {
			isa = PBXFrameworksBuildPhase;
			buildActionMask = 2147483647;
			files = (
				861567FB2A671CBE009F85F2 /* FirebaseDatabase in Frameworks */,
				861567FD2A671CBE009F85F2 /* FirebaseFirestore in Frameworks */,
				861567F72A671CBE009F85F2 /* FirebaseAuth in Frameworks */,
				861567FF2A671CBE009F85F2 /* FirebaseFirestoreCombine-Community in Frameworks */,
				861567F92A671CBE009F85F2 /* FirebaseAuthCombine-Community in Frameworks */,
				861568012A671CBE009F85F2 /* FirebaseFirestoreSwift in Frameworks */,
			);
			runOnlyForDeploymentPostprocessing = 0;
		};
		86984F4F2A631D9E00114981 /* Frameworks */ = {
			isa = PBXFrameworksBuildPhase;
			buildActionMask = 2147483647;
			files = (
			);
			runOnlyForDeploymentPostprocessing = 0;
		};
		86984F592A631D9E00114981 /* Frameworks */ = {
			isa = PBXFrameworksBuildPhase;
			buildActionMask = 2147483647;
			files = (
			);
			runOnlyForDeploymentPostprocessing = 0;
		};
/* End PBXFrameworksBuildPhase section */

/* Begin PBXGroup section */
		861567B82A66DCC3009F85F2 /* Home */ = {
			isa = PBXGroup;
			children = (
				8664380A2A696386009DC04A /* UI components */,
				861567BD2A66DD3F009F85F2 /* View */,
			);
			path = Home;
			sourceTree = "<group>";
		};
		861567B92A66DCC9009F85F2 /* Tasks */ = {
			isa = PBXGroup;
			children = (
				861567BB2A66DCE2009F85F2 /* UI components */,
				861567BA2A66DCDB009F85F2 /* View */,
				861567BC2A66DD30009F85F2 /* ViewModel */,
			);
			path = Tasks;
			sourceTree = "<group>";
		};
		861567BA2A66DCDB009F85F2 /* View */ = {
			isa = PBXGroup;
			children = (
				861567B52A66CE0B009F85F2 /* TasksView.swift */,
			);
			path = View;
			sourceTree = "<group>";
		};
		861567BB2A66DCE2009F85F2 /* UI components */ = {
			isa = PBXGroup;
			children = (
				86984F7D2A6349B300114981 /* TaskRowView.swift */,
			);
			path = "UI components";
			sourceTree = "<group>";
		};
		861567BC2A66DD30009F85F2 /* ViewModel */ = {
			isa = PBXGroup;
			children = (
				861567C02A66DE4E009F85F2 /* TasksViewModel.swift */,
			);
			path = ViewModel;
			sourceTree = "<group>";
		};
		861567BD2A66DD3F009F85F2 /* View */ = {
			isa = PBXGroup;
			children = (
				86984F792A63315F00114981 /* Home.swift */,
			);
			path = View;
			sourceTree = "<group>";
		};
		861567BE2A66DD4E009F85F2 /* Core */ = {
			isa = PBXGroup;
			children = (
				86984F452A631D9D00114981 /* ContentView.swift */,
				86984F432A631D9D00114981 /* Task_ManagementApp.swift */,
			);
			path = Core;
			sourceTree = "<group>";
		};
		861567BF2A66DD5B009F85F2 /* Resources */ = {
			isa = PBXGroup;
			children = (
				86984F472A631D9D00114981 /* Assets.xcassets */,
			);
			path = Resources;
			sourceTree = "<group>";
		};
		861567D52A6713F9009F85F2 /* Service */ = {
			isa = PBXGroup;
			children = (
				861567D62A67141B009F85F2 /* NetworkService.swift */,
				861568042A679249009F85F2 /* LocalDataService.swift */,
			);
			path = Service;
			sourceTree = "<group>";
		};
		8664380A2A696386009DC04A /* UI components */ = {
			isa = PBXGroup;
			children = (
				86984F7F2A63525800114981 /* NewTaskView.swift */,
			);
			path = "UI components";
			sourceTree = "<group>";
		};
		86984F372A631D9D00114981 = {
			isa = PBXGroup;
			children = (
				86984F422A631D9D00114981 /* Task Management */,
				86984F552A631D9E00114981 /* Task ManagementTests */,
				86984F5F2A631D9E00114981 /* Task ManagementUITests */,
				86984F412A631D9D00114981 /* Products */,
			);
			sourceTree = "<group>";
		};
		86984F412A631D9D00114981 /* Products */ = {
			isa = PBXGroup;
			children = (
				86984F402A631D9D00114981 /* Task Management.app */,
				86984F522A631D9E00114981 /* Task ManagementTests.xctest */,
				86984F5C2A631D9E00114981 /* Task ManagementUITests.xctest */,
			);
			name = Products;
			sourceTree = "<group>";
		};
		86984F422A631D9D00114981 /* Task Management */ = {
			isa = PBXGroup;
			children = (
				861567D32A6713A5009F85F2 /* GoogleService-Info.plist */,
				861567BE2A66DD4E009F85F2 /* Core */,
				861567BF2A66DD5B009F85F2 /* Resources */,
				86984F752A63293200114981 /* Helpers */,
				86984F722A63278100114981 /* Extension */,
				861567D52A6713F9009F85F2 /* Service */,
				86984F6F2A63257C00114981 /* Models */,
				86984F782A63314C00114981 /* Flow */,
				86984F492A631D9D00114981 /* Preview Content */,
			);
			path = "Task Management";
			sourceTree = "<group>";
		};
		86984F492A631D9D00114981 /* Preview Content */ = {
			isa = PBXGroup;
			children = (
				86984F4A2A631D9D00114981 /* Preview Assets.xcassets */,
			);
			path = "Preview Content";
			sourceTree = "<group>";
		};
		86984F552A631D9E00114981 /* Task ManagementTests */ = {
			isa = PBXGroup;
			children = (
				86984F562A631D9E00114981 /* Task_ManagementTests.swift */,
			);
			path = "Task ManagementTests";
			sourceTree = "<group>";
		};
		86984F5F2A631D9E00114981 /* Task ManagementUITests */ = {
			isa = PBXGroup;
			children = (
				86984F602A631D9E00114981 /* Task_ManagementUITests.swift */,
				86984F622A631D9E00114981 /* Task_ManagementUITestsLaunchTests.swift */,
			);
			path = "Task ManagementUITests";
			sourceTree = "<group>";
		};
		86984F6F2A63257C00114981 /* Models */ = {
			isa = PBXGroup;
			children = (
				86984F702A63258A00114981 /* Task.swift */,
				861568022A677048009F85F2 /* WeekDay.swift */,
			);
			path = Models;
			sourceTree = "<group>";
		};
		86984F722A63278100114981 /* Extension */ = {
			isa = PBXGroup;
			children = (
				86984F732A6327A000114981 /* Date.swift */,
				86984F762A63297700114981 /* View.swift */,
			);
			path = Extension;
			sourceTree = "<group>";
		};
		86984F752A63293200114981 /* Helpers */ = {
			isa = PBXGroup;
			children = (
				86984F7B2A63451300114981 /* OffsetKey.swift */,
				861567D82A671487009F85F2 /* Constants.swift */,
			);
			path = Helpers;
			sourceTree = "<group>";
		};
		86984F782A63314C00114981 /* Flow */ = {
			isa = PBXGroup;
			children = (
				861567B92A66DCC9009F85F2 /* Tasks */,
				861567B82A66DCC3009F85F2 /* Home */,
			);
			path = Flow;
			sourceTree = "<group>";
		};
/* End PBXGroup section */

/* Begin PBXNativeTarget section */
		86984F3F2A631D9D00114981 /* Task Management */ = {
			isa = PBXNativeTarget;
			buildConfigurationList = 86984F662A631D9E00114981 /* Build configuration list for PBXNativeTarget "Task Management" */;
			buildPhases = (
				86984F3C2A631D9D00114981 /* Sources */,
				86984F3D2A631D9D00114981 /* Frameworks */,
				86984F3E2A631D9D00114981 /* Resources */,
			);
			buildRules = (
			);
			dependencies = (
			);
			name = "Task Management";
			packageProductDependencies = (
				861567F62A671CBE009F85F2 /* FirebaseAuth */,
				861567F82A671CBE009F85F2 /* FirebaseAuthCombine-Community */,
				861567FA2A671CBE009F85F2 /* FirebaseDatabase */,
				861567FC2A671CBE009F85F2 /* FirebaseFirestore */,
				861567FE2A671CBE009F85F2 /* FirebaseFirestoreCombine-Community */,
				861568002A671CBE009F85F2 /* FirebaseFirestoreSwift */,
			);
			productName = "Task Management";
			productReference = 86984F402A631D9D00114981 /* Task Management.app */;
			productType = "com.apple.product-type.application";
		};
		86984F512A631D9E00114981 /* Task ManagementTests */ = {
			isa = PBXNativeTarget;
			buildConfigurationList = 86984F692A631D9E00114981 /* Build configuration list for PBXNativeTarget "Task ManagementTests" */;
			buildPhases = (
				86984F4E2A631D9E00114981 /* Sources */,
				86984F4F2A631D9E00114981 /* Frameworks */,
				86984F502A631D9E00114981 /* Resources */,
			);
			buildRules = (
			);
			dependencies = (
				86984F542A631D9E00114981 /* PBXTargetDependency */,
			);
			name = "Task ManagementTests";
			productName = "Task ManagementTests";
			productReference = 86984F522A631D9E00114981 /* Task ManagementTests.xctest */;
			productType = "com.apple.product-type.bundle.unit-test";
		};
		86984F5B2A631D9E00114981 /* Task ManagementUITests */ = {
			isa = PBXNativeTarget;
			buildConfigurationList = 86984F6C2A631D9E00114981 /* Build configuration list for PBXNativeTarget "Task ManagementUITests" */;
			buildPhases = (
				86984F582A631D9E00114981 /* Sources */,
				86984F592A631D9E00114981 /* Frameworks */,
				86984F5A2A631D9E00114981 /* Resources */,
			);
			buildRules = (
			);
			dependencies = (
				86984F5E2A631D9E00114981 /* PBXTargetDependency */,
			);
			name = "Task ManagementUITests";
			productName = "Task ManagementUITests";
			productReference = 86984F5C2A631D9E00114981 /* Task ManagementUITests.xctest */;
			productType = "com.apple.product-type.bundle.ui-testing";
		};
/* End PBXNativeTarget section */

/* Begin PBXProject section */
		86984F382A631D9D00114981 /* Project object */ = {
			isa = PBXProject;
			attributes = {
				BuildIndependentTargetsInParallel = 1;
				LastSwiftUpdateCheck = 1500;
				LastUpgradeCheck = 1500;
				TargetAttributes = {
					86984F3F2A631D9D00114981 = {
						CreatedOnToolsVersion = 15.0;
					};
					86984F512A631D9E00114981 = {
						CreatedOnToolsVersion = 15.0;
						TestTargetID = 86984F3F2A631D9D00114981;
					};
					86984F5B2A631D9E00114981 = {
						CreatedOnToolsVersion = 15.0;
						TestTargetID = 86984F3F2A631D9D00114981;
					};
				};
			};
			buildConfigurationList = 86984F3B2A631D9D00114981 /* Build configuration list for PBXProject "Task Management" */;
			compatibilityVersion = "Xcode 14.0";
			developmentRegion = en;
			hasScannedForEncodings = 0;
			knownRegions = (
				en,
				Base,
			);
			mainGroup = 86984F372A631D9D00114981;
			packageReferences = (
				861567F52A671CBE009F85F2 /* XCRemoteSwiftPackageReference "firebase-ios-sdk" */,
			);
			productRefGroup = 86984F412A631D9D00114981 /* Products */;
			projectDirPath = "";
			projectRoot = "";
			targets = (
				86984F3F2A631D9D00114981 /* Task Management */,
				86984F512A631D9E00114981 /* Task ManagementTests */,
				86984F5B2A631D9E00114981 /* Task ManagementUITests */,
			);
		};
/* End PBXProject section */

/* Begin PBXResourcesBuildPhase section */
		86984F3E2A631D9D00114981 /* Resources */ = {
			isa = PBXResourcesBuildPhase;
			buildActionMask = 2147483647;
			files = (
				86984F4B2A631D9D00114981 /* Preview Assets.xcassets in Resources */,
				86984F482A631D9D00114981 /* Assets.xcassets in Resources */,
				861567D42A6713A5009F85F2 /* GoogleService-Info.plist in Resources */,
			);
			runOnlyForDeploymentPostprocessing = 0;
		};
		86984F502A631D9E00114981 /* Resources */ = {
			isa = PBXResourcesBuildPhase;
			buildActionMask = 2147483647;
			files = (
			);
			runOnlyForDeploymentPostprocessing = 0;
		};
		86984F5A2A631D9E00114981 /* Resources */ = {
			isa = PBXResourcesBuildPhase;
			buildActionMask = 2147483647;
			files = (
			);
			runOnlyForDeploymentPostprocessing = 0;
		};
/* End PBXResourcesBuildPhase section */

/* Begin PBXSourcesBuildPhase section */
		86984F3C2A631D9D00114981 /* Sources */ = {
			isa = PBXSourcesBuildPhase;
			buildActionMask = 2147483647;
			files = (
				86984F462A631D9D00114981 /* ContentView.swift in Sources */,
				86984F712A63258A00114981 /* Task.swift in Sources */,
				86984F802A63525800114981 /* NewTaskView.swift in Sources */,
				86984F7E2A6349B300114981 /* TaskRowView.swift in Sources */,
				86984F772A63297700114981 /* View.swift in Sources */,
				86984F7C2A63451300114981 /* OffsetKey.swift in Sources */,
				861568052A679249009F85F2 /* LocalDataService.swift in Sources */,
				86984F442A631D9D00114981 /* Task_ManagementApp.swift in Sources */,
				86984F7A2A63315F00114981 /* Home.swift in Sources */,
				86984F742A6327A000114981 /* Date.swift in Sources */,
				861567B62A66CE0B009F85F2 /* TasksView.swift in Sources */,
				861567D92A671487009F85F2 /* Constants.swift in Sources */,
				861568032A677048009F85F2 /* WeekDay.swift in Sources */,
				861567D72A67141B009F85F2 /* NetworkService.swift in Sources */,
				861567C12A66DE4E009F85F2 /* TasksViewModel.swift in Sources */,
			);
			runOnlyForDeploymentPostprocessing = 0;
		};
		86984F4E2A631D9E00114981 /* Sources */ = {
			isa = PBXSourcesBuildPhase;
			buildActionMask = 2147483647;
			files = (
				86984F572A631D9E00114981 /* Task_ManagementTests.swift in Sources */,
			);
			runOnlyForDeploymentPostprocessing = 0;
		};
		86984F582A631D9E00114981 /* Sources */ = {
			isa = PBXSourcesBuildPhase;
			buildActionMask = 2147483647;
			files = (
				86984F632A631D9E00114981 /* Task_ManagementUITestsLaunchTests.swift in Sources */,
				86984F612A631D9E00114981 /* Task_ManagementUITests.swift in Sources */,
			);
			runOnlyForDeploymentPostprocessing = 0;
		};
/* End PBXSourcesBuildPhase section */

/* Begin PBXTargetDependency section */
		86984F542A631D9E00114981 /* PBXTargetDependency */ = {
			isa = PBXTargetDependency;
			target = 86984F3F2A631D9D00114981 /* Task Management */;
			targetProxy = 86984F532A631D9E00114981 /* PBXContainerItemProxy */;
		};
		86984F5E2A631D9E00114981 /* PBXTargetDependency */ = {
			isa = PBXTargetDependency;
			target = 86984F3F2A631D9D00114981 /* Task Management */;
			targetProxy = 86984F5D2A631D9E00114981 /* PBXContainerItemProxy */;
		};
/* End PBXTargetDependency section */

/* Begin XCBuildConfiguration section */
		86984F642A631D9E00114981 /* Debug */ = {
			isa = XCBuildConfiguration;
			buildSettings = {
				ALWAYS_SEARCH_USER_PATHS = NO;
				ASSETCATALOG_COMPILER_GENERATE_SWIFT_ASSET_SYMBOL_EXTENSIONS = YES;
				CLANG_ANALYZER_NONNULL = YES;
				CLANG_ANALYZER_NUMBER_OBJECT_CONVERSION = YES_AGGRESSIVE;
				CLANG_CXX_LANGUAGE_STANDARD = "gnu++20";
				CLANG_ENABLE_MODULES = YES;
				CLANG_ENABLE_OBJC_ARC = YES;
				CLANG_ENABLE_OBJC_WEAK = YES;
				CLANG_WARN_BLOCK_CAPTURE_AUTORELEASING = YES;
				CLANG_WARN_BOOL_CONVERSION = YES;
				CLANG_WARN_COMMA = YES;
				CLANG_WARN_CONSTANT_CONVERSION = YES;
				CLANG_WARN_DEPRECATED_OBJC_IMPLEMENTATIONS = YES;
				CLANG_WARN_DIRECT_OBJC_ISA_USAGE = YES_ERROR;
				CLANG_WARN_DOCUMENTATION_COMMENTS = YES;
				CLANG_WARN_EMPTY_BODY = YES;
				CLANG_WARN_ENUM_CONVERSION = YES;
				CLANG_WARN_INFINITE_RECURSION = YES;
				CLANG_WARN_INT_CONVERSION = YES;
				CLANG_WARN_NON_LITERAL_NULL_CONVERSION = YES;
				CLANG_WARN_OBJC_IMPLICIT_RETAIN_SELF = YES;
				CLANG_WARN_OBJC_LITERAL_CONVERSION = YES;
				CLANG_WARN_OBJC_ROOT_CLASS = YES_ERROR;
				CLANG_WARN_QUOTED_INCLUDE_IN_FRAMEWORK_HEADER = YES;
				CLANG_WARN_RANGE_LOOP_ANALYSIS = YES;
				CLANG_WARN_STRICT_PROTOTYPES = YES;
				CLANG_WARN_SUSPICIOUS_MOVE = YES;
				CLANG_WARN_UNGUARDED_AVAILABILITY = YES_AGGRESSIVE;
				CLANG_WARN_UNREACHABLE_CODE = YES;
				CLANG_WARN__DUPLICATE_METHOD_MATCH = YES;
				COPY_PHASE_STRIP = NO;
				DEBUG_INFORMATION_FORMAT = dwarf;
				ENABLE_STRICT_OBJC_MSGSEND = YES;
				ENABLE_TESTABILITY = YES;
				ENABLE_USER_SCRIPT_SANDBOXING = YES;
				GCC_C_LANGUAGE_STANDARD = gnu17;
				GCC_DYNAMIC_NO_PIC = NO;
				GCC_NO_COMMON_BLOCKS = YES;
				GCC_OPTIMIZATION_LEVEL = 0;
				GCC_PREPROCESSOR_DEFINITIONS = (
					"DEBUG=1",
					"$(inherited)",
				);
				GCC_WARN_64_TO_32_BIT_CONVERSION = YES;
				GCC_WARN_ABOUT_RETURN_TYPE = YES_ERROR;
				GCC_WARN_UNDECLARED_SELECTOR = YES;
				GCC_WARN_UNINITIALIZED_AUTOS = YES_AGGRESSIVE;
				GCC_WARN_UNUSED_FUNCTION = YES;
				GCC_WARN_UNUSED_VARIABLE = YES;
				IPHONEOS_DEPLOYMENT_TARGET = 17.0;
				LOCALIZATION_PREFERS_STRING_CATALOGS = YES;
				MTL_ENABLE_DEBUG_INFO = INCLUDE_SOURCE;
				MTL_FAST_MATH = YES;
				ONLY_ACTIVE_ARCH = YES;
				SDKROOT = iphoneos;
				SWIFT_ACTIVE_COMPILATION_CONDITIONS = "DEBUG $(inherited)";
				SWIFT_OPTIMIZATION_LEVEL = "-Onone";
			};
			name = Debug;
		};
		86984F652A631D9E00114981 /* Release */ = {
			isa = XCBuildConfiguration;
			buildSettings = {
				ALWAYS_SEARCH_USER_PATHS = NO;
				ASSETCATALOG_COMPILER_GENERATE_SWIFT_ASSET_SYMBOL_EXTENSIONS = YES;
				CLANG_ANALYZER_NONNULL = YES;
				CLANG_ANALYZER_NUMBER_OBJECT_CONVERSION = YES_AGGRESSIVE;
				CLANG_CXX_LANGUAGE_STANDARD = "gnu++20";
				CLANG_ENABLE_MODULES = YES;
				CLANG_ENABLE_OBJC_ARC = YES;
				CLANG_ENABLE_OBJC_WEAK = YES;
				CLANG_WARN_BLOCK_CAPTURE_AUTORELEASING = YES;
				CLANG_WARN_BOOL_CONVERSION = YES;
				CLANG_WARN_COMMA = YES;
				CLANG_WARN_CONSTANT_CONVERSION = YES;
				CLANG_WARN_DEPRECATED_OBJC_IMPLEMENTATIONS = YES;
				CLANG_WARN_DIRECT_OBJC_ISA_USAGE = YES_ERROR;
				CLANG_WARN_DOCUMENTATION_COMMENTS = YES;
				CLANG_WARN_EMPTY_BODY = YES;
				CLANG_WARN_ENUM_CONVERSION = YES;
				CLANG_WARN_INFINITE_RECURSION = YES;
				CLANG_WARN_INT_CONVERSION = YES;
				CLANG_WARN_NON_LITERAL_NULL_CONVERSION = YES;
				CLANG_WARN_OBJC_IMPLICIT_RETAIN_SELF = YES;
				CLANG_WARN_OBJC_LITERAL_CONVERSION = YES;
				CLANG_WARN_OBJC_ROOT_CLASS = YES_ERROR;
				CLANG_WARN_QUOTED_INCLUDE_IN_FRAMEWORK_HEADER = YES;
				CLANG_WARN_RANGE_LOOP_ANALYSIS = YES;
				CLANG_WARN_STRICT_PROTOTYPES = YES;
				CLANG_WARN_SUSPICIOUS_MOVE = YES;
				CLANG_WARN_UNGUARDED_AVAILABILITY = YES_AGGRESSIVE;
				CLANG_WARN_UNREACHABLE_CODE = YES;
				CLANG_WARN__DUPLICATE_METHOD_MATCH = YES;
				COPY_PHASE_STRIP = NO;
				DEBUG_INFORMATION_FORMAT = "dwarf-with-dsym";
				ENABLE_NS_ASSERTIONS = NO;
				ENABLE_STRICT_OBJC_MSGSEND = YES;
				ENABLE_USER_SCRIPT_SANDBOXING = YES;
				GCC_C_LANGUAGE_STANDARD = gnu17;
				GCC_NO_COMMON_BLOCKS = YES;
				GCC_WARN_64_TO_32_BIT_CONVERSION = YES;
				GCC_WARN_ABOUT_RETURN_TYPE = YES_ERROR;
				GCC_WARN_UNDECLARED_SELECTOR = YES;
				GCC_WARN_UNINITIALIZED_AUTOS = YES_AGGRESSIVE;
				GCC_WARN_UNUSED_FUNCTION = YES;
				GCC_WARN_UNUSED_VARIABLE = YES;
				IPHONEOS_DEPLOYMENT_TARGET = 17.0;
				LOCALIZATION_PREFERS_STRING_CATALOGS = YES;
				MTL_ENABLE_DEBUG_INFO = NO;
				MTL_FAST_MATH = YES;
				SDKROOT = iphoneos;
				SWIFT_COMPILATION_MODE = wholemodule;
				VALIDATE_PRODUCT = YES;
			};
			name = Release;
		};
		86984F672A631D9E00114981 /* Debug */ = {
			isa = XCBuildConfiguration;
			buildSettings = {
				ASSETCATALOG_COMPILER_APPICON_NAME = AppIcon;
				ASSETCATALOG_COMPILER_GLOBAL_ACCENT_COLOR_NAME = AccentColor;
				CODE_SIGN_STYLE = Automatic;
				CURRENT_PROJECT_VERSION = 1;
				DEVELOPMENT_ASSET_PATHS = "\"Task Management/Preview Content\"";
				DEVELOPMENT_TEAM = 7RQ87S3853;
				ENABLE_PREVIEWS = YES;
				GENERATE_INFOPLIST_FILE = YES;
				INFOPLIST_KEY_UIApplicationSceneManifest_Generation = YES;
				INFOPLIST_KEY_UIApplicationSupportsIndirectInputEvents = YES;
				INFOPLIST_KEY_UILaunchScreen_Generation = YES;
				INFOPLIST_KEY_UISupportedInterfaceOrientations_iPad = "UIInterfaceOrientationPortrait UIInterfaceOrientationPortraitUpsideDown UIInterfaceOrientationLandscapeLeft UIInterfaceOrientationLandscapeRight";
				INFOPLIST_KEY_UISupportedInterfaceOrientations_iPhone = "UIInterfaceOrientationPortrait UIInterfaceOrientationLandscapeLeft UIInterfaceOrientationLandscapeRight";
				LD_RUNPATH_SEARCH_PATHS = (
					"$(inherited)",
					"@executable_path/Frameworks",
				);
				MARKETING_VERSION = 1.0;
				PRODUCT_BUNDLE_IDENTIFIER = "HKTechnologies.Task-Management";
				PRODUCT_NAME = "$(TARGET_NAME)";
				SWIFT_EMIT_LOC_STRINGS = YES;
				SWIFT_VERSION = 5.0;
				TARGETED_DEVICE_FAMILY = "1,2";
			};
			name = Debug;
		};
		86984F682A631D9E00114981 /* Release */ = {
			isa = XCBuildConfiguration;
			buildSettings = {
				ASSETCATALOG_COMPILER_APPICON_NAME = AppIcon;
				ASSETCATALOG_COMPILER_GLOBAL_ACCENT_COLOR_NAME = AccentColor;
				CODE_SIGN_STYLE = Automatic;
				CURRENT_PROJECT_VERSION = 1;
				DEVELOPMENT_ASSET_PATHS = "\"Task Management/Preview Content\"";
				DEVELOPMENT_TEAM = 7RQ87S3853;
				ENABLE_PREVIEWS = YES;
				GENERATE_INFOPLIST_FILE = YES;
				INFOPLIST_KEY_UIApplicationSceneManifest_Generation = YES;
				INFOPLIST_KEY_UIApplicationSupportsIndirectInputEvents = YES;
				INFOPLIST_KEY_UILaunchScreen_Generation = YES;
				INFOPLIST_KEY_UISupportedInterfaceOrientations_iPad = "UIInterfaceOrientationPortrait UIInterfaceOrientationPortraitUpsideDown UIInterfaceOrientationLandscapeLeft UIInterfaceOrientationLandscapeRight";
				INFOPLIST_KEY_UISupportedInterfaceOrientations_iPhone = "UIInterfaceOrientationPortrait UIInterfaceOrientationLandscapeLeft UIInterfaceOrientationLandscapeRight";
				LD_RUNPATH_SEARCH_PATHS = (
					"$(inherited)",
					"@executable_path/Frameworks",
				);
				MARKETING_VERSION = 1.0;
				PRODUCT_BUNDLE_IDENTIFIER = "HKTechnologies.Task-Management";
				PRODUCT_NAME = "$(TARGET_NAME)";
				SWIFT_EMIT_LOC_STRINGS = YES;
				SWIFT_VERSION = 5.0;
				TARGETED_DEVICE_FAMILY = "1,2";
			};
			name = Release;
		};
		86984F6A2A631D9E00114981 /* Debug */ = {
			isa = XCBuildConfiguration;
			buildSettings = {
				ALWAYS_EMBED_SWIFT_STANDARD_LIBRARIES = YES;
				BUNDLE_LOADER = "$(TEST_HOST)";
				CODE_SIGN_STYLE = Automatic;
				CURRENT_PROJECT_VERSION = 1;
				DEVELOPMENT_TEAM = 7RQ87S3853;
				GENERATE_INFOPLIST_FILE = YES;
				IPHONEOS_DEPLOYMENT_TARGET = 17.0;
				MARKETING_VERSION = 1.0;
				PRODUCT_BUNDLE_IDENTIFIER = "HKTechnologies.Task-ManagementTests";
				PRODUCT_NAME = "$(TARGET_NAME)";
				SWIFT_EMIT_LOC_STRINGS = NO;
				SWIFT_VERSION = 5.0;
				TARGETED_DEVICE_FAMILY = "1,2";
				TEST_HOST = "$(BUILT_PRODUCTS_DIR)/Task Management.app/$(BUNDLE_EXECUTABLE_FOLDER_PATH)/Task Management";
			};
			name = Debug;
		};
		86984F6B2A631D9E00114981 /* Release */ = {
			isa = XCBuildConfiguration;
			buildSettings = {
				ALWAYS_EMBED_SWIFT_STANDARD_LIBRARIES = YES;
				BUNDLE_LOADER = "$(TEST_HOST)";
				CODE_SIGN_STYLE = Automatic;
				CURRENT_PROJECT_VERSION = 1;
				DEVELOPMENT_TEAM = 7RQ87S3853;
				GENERATE_INFOPLIST_FILE = YES;
				IPHONEOS_DEPLOYMENT_TARGET = 17.0;
				MARKETING_VERSION = 1.0;
				PRODUCT_BUNDLE_IDENTIFIER = "HKTechnologies.Task-ManagementTests";
				PRODUCT_NAME = "$(TARGET_NAME)";
				SWIFT_EMIT_LOC_STRINGS = NO;
				SWIFT_VERSION = 5.0;
				TARGETED_DEVICE_FAMILY = "1,2";
				TEST_HOST = "$(BUILT_PRODUCTS_DIR)/Task Management.app/$(BUNDLE_EXECUTABLE_FOLDER_PATH)/Task Management";
			};
			name = Release;
		};
		86984F6D2A631D9E00114981 /* Debug */ = {
			isa = XCBuildConfiguration;
			buildSettings = {
				ALWAYS_EMBED_SWIFT_STANDARD_LIBRARIES = YES;
				CODE_SIGN_STYLE = Automatic;
				CURRENT_PROJECT_VERSION = 1;
				DEVELOPMENT_TEAM = 7RQ87S3853;
				GENERATE_INFOPLIST_FILE = YES;
				MARKETING_VERSION = 1.0;
				PRODUCT_BUNDLE_IDENTIFIER = "HKTechnologies.Task-ManagementUITests";
				PRODUCT_NAME = "$(TARGET_NAME)";
				SWIFT_EMIT_LOC_STRINGS = NO;
				SWIFT_VERSION = 5.0;
				TARGETED_DEVICE_FAMILY = "1,2";
				TEST_TARGET_NAME = "Task Management";
			};
			name = Debug;
		};
		86984F6E2A631D9E00114981 /* Release */ = {
			isa = XCBuildConfiguration;
			buildSettings = {
				ALWAYS_EMBED_SWIFT_STANDARD_LIBRARIES = YES;
				CODE_SIGN_STYLE = Automatic;
				CURRENT_PROJECT_VERSION = 1;
				DEVELOPMENT_TEAM = 7RQ87S3853;
				GENERATE_INFOPLIST_FILE = YES;
				MARKETING_VERSION = 1.0;
				PRODUCT_BUNDLE_IDENTIFIER = "HKTechnologies.Task-ManagementUITests";
				PRODUCT_NAME = "$(TARGET_NAME)";
				SWIFT_EMIT_LOC_STRINGS = NO;
				SWIFT_VERSION = 5.0;
				TARGETED_DEVICE_FAMILY = "1,2";
				TEST_TARGET_NAME = "Task Management";
			};
			name = Release;
		};
/* End XCBuildConfiguration section */

/* Begin XCConfigurationList section */
		86984F3B2A631D9D00114981 /* Build configuration list for PBXProject "Task Management" */ = {
			isa = XCConfigurationList;
			buildConfigurations = (
				86984F642A631D9E00114981 /* Debug */,
				86984F652A631D9E00114981 /* Release */,
			);
			defaultConfigurationIsVisible = 0;
			defaultConfigurationName = Release;
		};
		86984F662A631D9E00114981 /* Build configuration list for PBXNativeTarget "Task Management" */ = {
			isa = XCConfigurationList;
			buildConfigurations = (
				86984F672A631D9E00114981 /* Debug */,
				86984F682A631D9E00114981 /* Release */,
			);
			defaultConfigurationIsVisible = 0;
			defaultConfigurationName = Release;
		};
		86984F692A631D9E00114981 /* Build configuration list for PBXNativeTarget "Task ManagementTests" */ = {
			isa = XCConfigurationList;
			buildConfigurations = (
				86984F6A2A631D9E00114981 /* Debug */,
				86984F6B2A631D9E00114981 /* Release */,
			);
			defaultConfigurationIsVisible = 0;
			defaultConfigurationName = Release;
		};
		86984F6C2A631D9E00114981 /* Build configuration list for PBXNativeTarget "Task ManagementUITests" */ = {
			isa = XCConfigurationList;
			buildConfigurations = (
				86984F6D2A631D9E00114981 /* Debug */,
				86984F6E2A631D9E00114981 /* Release */,
			);
			defaultConfigurationIsVisible = 0;
			defaultConfigurationName = Release;
		};
/* End XCConfigurationList section */

/* Begin XCRemoteSwiftPackageReference section */
		861567F52A671CBE009F85F2 /* XCRemoteSwiftPackageReference "firebase-ios-sdk" */ = {
			isa = XCRemoteSwiftPackageReference;
			repositoryURL = "https://github.com/firebase/firebase-ios-sdk.git";
			requirement = {
				kind = upToNextMinorVersion;
				minimumVersion = 10.12.0;
			};
		};
/* End XCRemoteSwiftPackageReference section */

/* Begin XCSwiftPackageProductDependency section */
		861567F62A671CBE009F85F2 /* FirebaseAuth */ = {
			isa = XCSwiftPackageProductDependency;
			package = 861567F52A671CBE009F85F2 /* XCRemoteSwiftPackageReference "firebase-ios-sdk" */;
			productName = FirebaseAuth;
		};
		861567F82A671CBE009F85F2 /* FirebaseAuthCombine-Community */ = {
			isa = XCSwiftPackageProductDependency;
			package = 861567F52A671CBE009F85F2 /* XCRemoteSwiftPackageReference "firebase-ios-sdk" */;
			productName = "FirebaseAuthCombine-Community";
		};
		861567FA2A671CBE009F85F2 /* FirebaseDatabase */ = {
			isa = XCSwiftPackageProductDependency;
			package = 861567F52A671CBE009F85F2 /* XCRemoteSwiftPackageReference "firebase-ios-sdk" */;
			productName = FirebaseDatabase;
		};
		861567FC2A671CBE009F85F2 /* FirebaseFirestore */ = {
			isa = XCSwiftPackageProductDependency;
			package = 861567F52A671CBE009F85F2 /* XCRemoteSwiftPackageReference "firebase-ios-sdk" */;
			productName = FirebaseFirestore;
		};
		861567FE2A671CBE009F85F2 /* FirebaseFirestoreCombine-Community */ = {
			isa = XCSwiftPackageProductDependency;
			package = 861567F52A671CBE009F85F2 /* XCRemoteSwiftPackageReference "firebase-ios-sdk" */;
			productName = "FirebaseFirestoreCombine-Community";
		};
		861568002A671CBE009F85F2 /* FirebaseFirestoreSwift */ = {
			isa = XCSwiftPackageProductDependency;
			package = 861567F52A671CBE009F85F2 /* XCRemoteSwiftPackageReference "firebase-ios-sdk" */;
			productName = FirebaseFirestoreSwift;
		};
/* End XCSwiftPackageProductDependency section */
	};
	rootObject = 86984F382A631D9D00114981 /* Project object */;
}
